
Microsoft Visual Studio Solution File, Format Version 12.00
# Visual Studio Version 17
VisualStudioVersion = 17.1.32210.238
MinimumVisualStudioVersion = 10.0.40219.1
Project("{9A19103F-16F7-4668-BE54-9A1E7A4F7556}") = "CombinedSearch", "CombinedSearch\CombinedSearch.csproj", "{D3416DB3-E328-42B1-98DB-68B7417E609E}"
EndProject
Project("{9A19103F-16F7-4668-BE54-9A1E7A4F7556}") = "CombinedSearch.Test", "CombinedSearchTest\CombinedSearch.Test.csproj", "{C3610ECD-CBE5-4957-99E7-A6C7E3C9F619}"
EndProject
Global
	GlobalSection(SolutionConfigurationPlatforms) = preSolution
		Debug|Any CPU = Debug|Any CPU
		Release|Any CPU = Release|Any CPU
	EndGlobalSection
	GlobalSection(ProjectConfigurationPlatforms) = postSolution
		{D3416DB3-E328-42B1-98DB-68B7417E609E}.Debug|Any CPU.ActiveCfg = Debug|Any CPU
		{D3416DB3-E328-42B1-98DB-68B7417E609E}.Debug|Any CPU.Build.0 = Debug|Any CPU
		{D3416DB3-E328-42B1-98DB-68B7417E609E}.Release|Any CPU.ActiveCfg = Release|Any CPU
		{D3416DB3-E328-42B1-98DB-68B7417E609E}.Release|Any CPU.Build.0 = Release|Any CPU
		{C3610ECD-CBE5-4957-99E7-A6C7E3C9F619}.Debug|Any CPU.ActiveCfg = Debug|Any CPU
		{C3610ECD-CBE5-4957-99E7-A6C7E3C9F619}.Debug|Any CPU.Build.0 = Debug|Any CPU
		{C3610ECD-CBE5-4957-99E7-A6C7E3C9F619}.Release|Any CPU.ActiveCfg = Release|Any CPU
		{C3610ECD-CBE5-4957-99E7-A6C7E3C9F619}.Release|Any CPU.Build.0 = Release|Any CPU
	EndGlobalSection
	GlobalSection(SolutionProperties) = preSolution
		HideSolutionNode = FALSE
	EndGlobalSection
	GlobalSection(ExtensibilityGlobals) = postSolution
		SolutionGuid = {813C8769-AFD2-48ED-9BB9-D4DB41E2076C}
	EndGlobalSection
EndGlobal
